[[package]]
name = "flake8"
version = "6.0.0"
description = "the modular source code checker: pep8 pyflakes and co"
category = "dev"
optional = false
python-versions = ">=3.8.1"

[package.dependencies]
mccabe = ">=0.7.0,<0.8.0"
pycodestyle = ">=2.10.0,<2.11.0"
pyflakes = ">=3.0.0,<3.1.0"

[[package]]
name = "mccabe"
version = "0.7.0"
description = "McCabe checker, plugin for flake8"
category = "dev"
optional = false
python-versions = ">=3.6"

[[package]]
name = "prompt"
version = "0.4.1"
description = "Library for prompting input on the command line."
category = "main"
optional = false
python-versions = ">=3.3"

[[package]]
name = "pycodestyle"
version = "2.10.0"
description = "Python style guide checker"
category = "dev"
optional = false
python-versions = ">=3.6"

[[package]]
name = "pyflakes"
version = "3.0.1"
description = "passive checker of Python programs"
category = "dev"
optional = false
python-versions = ">=3.6"

[metadata]
lock-version = "1.1"
python-versions = ">=3.8.1,<4.0"
content-hash = "0de7b8c6aed73303939e5c9afefef25f89b0a6d1e2b6e55a6f4c48428215e2a3"

[metadata.files]
flake8 = []
mccabe = []
prompt = []
pycodestyle = []
pyflakes = []
